<Solution>
  <Configurations>
    <Platform Name="Any CPU" />
    <Platform Name="x64" />
    <Platform Name="x86" />
  </Configurations>
  <Folder Name="/ACL/">
    <Project Path="AnimeStudio.ACL/AnimeStudio.ACL.DB/AnimeStudio.ACL.DB.vcxproj" Id="1bb0b5c4-9a2e-4d3f-8c71-2e5a0d6f4a11" />
    <Project Path="AnimeStudio.ACL/AnimeStudio.ACL.MHY/AnimeStudio.ACL.MHY.vcxproj" Id="4ee3e8f7-cd51-4062-bfa4-518d309c7d44" />
    <Project Path="AnimeStudio.ACL/AnimeStudio.ACL.SR/AnimeStudio.ACL.SR.vcxproj" Id="3dd2d7e6-bc40-4f51-ae93-407c2f8b6c33" />
    <Project Path="AnimeStudio.ACL/AnimeStudio.ACL.ZZZ/AnimeStudio.ACL.ZZZ.vcxproj" Id="2cc1c6d5-ab3f-4e40-9d82-3f6b1e7a5b22" />
    <Project Path="AnimeStudio.ACL/AnimeStudio.ACL.ZZZV2/AnimeStudio.ACL.ZZZV2.vcxproj" Id="5ff4f908-de62-4073-8fb5-629e41ad8e55" />
  </Folder>
  <Folder Name="/Libraries/">
    <Project Path="AnimeStudio.FBXNative/AnimeStudio.FBXNative.vcxproj" Id="11ea25a3-ed68-40ee-a9d0-7fde3b583027">
      <Build Project="false" />
    </Project>
    <Project Path="AnimeStudio.FBXWrapper/AnimeStudio.FBXWrapper.csproj" />
    <Project Path="AnimeStudio.HLSLDecompiler/AnimeStudio.HLSLDecompiler.vcxproj" Id="258d0ad2-b762-41e3-a0c1-cf831d859da4" />
    <Project Path="AnimeStudio.Ooz/AnimeStudio.Ooz.vcxproj" Id="b6748219-a0e7-46bb-ae38-5343961cb36a">
      <Build Project="false" />
    </Project>
  </Folder>
  <Folder Name="/Misc/">
    <Project Path="AnimeStudio.Patcher/AnimeStudio.Patcher.csproj" />
    <Project Path="AnimeStudio.PInvoke/AnimeStudio.PInvoke.csproj" />
  </Folder>
  <Project Path="AnimeStudio.CLI/AnimeStudio.CLI.csproj" />
  <Project Path="AnimeStudio.AssetExplorer/AnimeStudio.AssetExplorer.csproj" />
  <Project Path="AnimeStudio.GUI/AnimeStudio.GUI.csproj" />
  <Project Path="AnimeStudio.Utility/AnimeStudio.Utility.csproj" />
  <Project Path="AnimeStudio/AnimeStudio.csproj" />
</Solution>
