<?xml version="1.0" encoding="utf-8"?>
<Project ToolsVersion="4.0" xmlns="http://schemas.microsoft.com/developer/msbuild/2003">
  <ItemGroup>
    <Filter Include="acl">
      <UniqueIdentifier>{a33915ba-226b-6dbd-1edb-3e09fac41ed9}</UniqueIdentifier>
    </Filter>
    <Filter Include="acl\algorithm">
      <UniqueIdentifier>{bb471edd-da1b-9b73-5cf9-ffe4f3a62a6e}</UniqueIdentifier>
    </Filter>
    <Filter Include="acl\algorithm\uniformly_sampled">
      <UniqueIdentifier>{8f8c4a5b-3a45-4f03-c2b2-f3587dd84d8e}</UniqueIdentifier>
    </Filter>
    <Filter Include="acl\compression">
      <UniqueIdentifier>{3a87847d-3ce4-58e3-1170-fd3097267229}</UniqueIdentifier>
    </Filter>
    <Filter Include="acl\compression\impl">
      <UniqueIdentifier>{1e94054a-2af3-240e-c52c-0ab2a9e64071}</UniqueIdentifier>
    </Filter>
    <Filter Include="acl\core">
      <UniqueIdentifier>{1e34845e-64b7-ace0-7000-03676f4bc6c2}</UniqueIdentifier>
    </Filter>
    <Filter Include="acl\core\impl">
      <UniqueIdentifier>{17348b95-bfe8-f183-4d41-43aeba687a16}</UniqueIdentifier>
    </Filter>
    <Filter Include="acl\decompression">
      <UniqueIdentifier>{4d50b721-01ed-93a2-b2a1-ebb1a05b76e3}</UniqueIdentifier>
    </Filter>
    <Filter Include="acl\decompression\impl">
      <UniqueIdentifier>{4bec6169-8329-ca78-226e-c226a016536e}</UniqueIdentifier>
    </Filter>
    <Filter Include="acl\io">
      <UniqueIdentifier>{e11dfeea-412b-68ae-895d-87855bbe5eaa}</UniqueIdentifier>
    </Filter>
    <Filter Include="acl\math">
      <UniqueIdentifier>{18103cde-eed2-873b-a36e-e5562f231b5d}</UniqueIdentifier>
    </Filter>
    <Filter Include="Header Files">
      <UniqueIdentifier>{1680c80b-ff1e-ea4d-9817-cc12254f2e40}</UniqueIdentifier>
      <Extensions>h;hh;hpp;hxx;h++;hm;inl;inc;ipp;xsd</Extensions>
    </Filter>
    <Filter Include="Resource Files">
      <UniqueIdentifier>{fa3635ce-6c7c-7de5-ddeb-60602507503f}</UniqueIdentifier>
      <Extensions>rc;ico;cur;bmp;dlg;rc2;rct;bin;rgs;gif;jpg;jpeg;jpe;resx;tiff;tif;png;wav;mfcribbon-ms</Extensions>
    </Filter>
    <Filter Include="rtm">
      <UniqueIdentifier>{d70aa561-de13-4b4f-64f5-120e90c7bdad}</UniqueIdentifier>
    </Filter>
    <Filter Include="rtm\impl">
      <UniqueIdentifier>{cc625f3b-a07a-dd6c-50c2-9ac97c4d2745}</UniqueIdentifier>
    </Filter>
    <Filter Include="rtm\packing">
      <UniqueIdentifier>{f495f992-c626-c389-a7d7-f909a7f0768c}</UniqueIdentifier>
    </Filter>
    <Filter Include="Source Files">
      <UniqueIdentifier>{ba03e055-4fa2-fce3-8a1c-d348547d379c}</UniqueIdentifier>
      <Extensions>cpp;c;cc;cxx;c++;cppm;ixx;def;odl;idl;hpj;bat;asm;asmx</Extensions>
    </Filter>
  </ItemGroup>
  <ItemGroup>
    <ClCompile Include="dllmain.cpp">
      <Filter>Source Files</Filter>
    </ClCompile>
  </ItemGroup>
  <ItemGroup>
    <ClInclude Include="acl\algorithm\uniformly_sampled\decoder.h">
      <Filter>acl\algorithm\uniformly_sampled</Filter>
    </ClInclude>
    <ClInclude Include="acl\algorithm\uniformly_sampled\encoder.h">
      <Filter>acl\algorithm\uniformly_sampled</Filter>
    </ClInclude>
    <ClInclude Include="acl\compression\animation_clip.h">
      <Filter>acl\compression</Filter>
    </ClInclude>
    <ClInclude Include="acl\compression\animation_track.h">
      <Filter>acl\compression</Filter>
    </ClInclude>
    <ClInclude Include="acl\compression\compress.h">
      <Filter>acl\compression</Filter>
    </ClInclude>
    <ClInclude Include="acl\compression\compression_level.h">
      <Filter>acl\compression</Filter>
    </ClInclude>
    <ClInclude Include="acl\compression\compression_settings.h">
      <Filter>acl\compression</Filter>
    </ClInclude>
    <ClInclude Include="acl\compression\impl\clip_context.h">
      <Filter>acl\compression\impl</Filter>
    </ClInclude>
    <ClInclude Include="acl\compression\impl\compact_constant_streams.h">
      <Filter>acl\compression\impl</Filter>
    </ClInclude>
    <ClInclude Include="acl\compression\impl\compressed_clip_impl.h">
      <Filter>acl\compression\impl</Filter>
    </ClInclude>
    <ClInclude Include="acl\compression\impl\constant_track_impl.h">
      <Filter>acl\compression\impl</Filter>
    </ClInclude>
    <ClInclude Include="acl\compression\impl\convert_rotation_streams.h">
      <Filter>acl\compression\impl</Filter>
    </ClInclude>
    <ClInclude Include="acl\compression\impl\normalize_streams.h">
      <Filter>acl\compression\impl</Filter>
    </ClInclude>
    <ClInclude Include="acl\compression\impl\normalize_track_impl.h">
      <Filter>acl\compression\impl</Filter>
    </ClInclude>
    <ClInclude Include="acl\compression\impl\quantize_streams.h">
      <Filter>acl\compression\impl</Filter>
    </ClInclude>
    <ClInclude Include="acl\compression\impl\quantize_track_impl.h">
      <Filter>acl\compression\impl</Filter>
    </ClInclude>
    <ClInclude Include="acl\compression\impl\sample_streams.h">
      <Filter>acl\compression\impl</Filter>
    </ClInclude>
    <ClInclude Include="acl\compression\impl\segment_context.h">
      <Filter>acl\compression\impl</Filter>
    </ClInclude>
    <ClInclude Include="acl\compression\impl\segment_streams.h">
      <Filter>acl\compression\impl</Filter>
    </ClInclude>
    <ClInclude Include="acl\compression\impl\track_bit_rate_database.h">
      <Filter>acl\compression\impl</Filter>
    </ClInclude>
    <ClInclude Include="acl\compression\impl\track_list_context.h">
      <Filter>acl\compression\impl</Filter>
    </ClInclude>
    <ClInclude Include="acl\compression\impl\track_range.h">
      <Filter>acl\compression\impl</Filter>
    </ClInclude>
    <ClInclude Include="acl\compression\impl\track_range_impl.h">
      <Filter>acl\compression\impl</Filter>
    </ClInclude>
    <ClInclude Include="acl\compression\impl\track_stream.h">
      <Filter>acl\compression\impl</Filter>
    </ClInclude>
    <ClInclude Include="acl\compression\impl\transform_bit_rate_permutations.h">
      <Filter>acl\compression\impl</Filter>
    </ClInclude>
    <ClInclude Include="acl\compression\impl\write_compression_stats_impl.h">
      <Filter>acl\compression\impl</Filter>
    </ClInclude>
    <ClInclude Include="acl\compression\impl\write_decompression_stats.h">
      <Filter>acl\compression\impl</Filter>
    </ClInclude>
    <ClInclude Include="acl\compression\impl\write_range_data.h">
      <Filter>acl\compression\impl</Filter>
    </ClInclude>
    <ClInclude Include="acl\compression\impl\write_segment_data.h">
      <Filter>acl\compression\impl</Filter>
    </ClInclude>
    <ClInclude Include="acl\compression\impl\write_stats.h">
      <Filter>acl\compression\impl</Filter>
    </ClInclude>
    <ClInclude Include="acl\compression\impl\write_stream_bitsets.h">
      <Filter>acl\compression\impl</Filter>
    </ClInclude>
    <ClInclude Include="acl\compression\impl\write_stream_data.h">
      <Filter>acl\compression\impl</Filter>
    </ClInclude>
    <ClInclude Include="acl\compression\impl\write_track_data_impl.h">
      <Filter>acl\compression\impl</Filter>
    </ClInclude>
    <ClInclude Include="acl\compression\output_stats.h">
      <Filter>acl\compression</Filter>
    </ClInclude>
    <ClInclude Include="acl\compression\skeleton.h">
      <Filter>acl\compression</Filter>
    </ClInclude>
    <ClInclude Include="acl\compression\skeleton_error_metric.h">
      <Filter>acl\compression</Filter>
    </ClInclude>
    <ClInclude Include="acl\compression\skeleton_pose_utils.h">
      <Filter>acl\compression</Filter>
    </ClInclude>
    <ClInclude Include="acl\compression\track.h">
      <Filter>acl\compression</Filter>
    </ClInclude>
    <ClInclude Include="acl\compression\track_array.h">
      <Filter>acl\compression</Filter>
    </ClInclude>
    <ClInclude Include="acl\compression\track_error.h">
      <Filter>acl\compression</Filter>
    </ClInclude>
    <ClInclude Include="acl\compression\utils.h">
      <Filter>acl\compression</Filter>
    </ClInclude>
    <ClInclude Include="acl\core\additive_utils.h">
      <Filter>acl\core</Filter>
    </ClInclude>
    <ClInclude Include="acl\core\algorithm_types.h">
      <Filter>acl\core</Filter>
    </ClInclude>
    <ClInclude Include="acl\core\algorithm_versions.h">
      <Filter>acl\core</Filter>
    </ClInclude>
    <ClInclude Include="acl\core\ansi_allocator.h">
      <Filter>acl\core</Filter>
    </ClInclude>
    <ClInclude Include="acl\core\bitset.h">
      <Filter>acl\core</Filter>
    </ClInclude>
    <ClInclude Include="acl\core\bit_manip_utils.h">
      <Filter>acl\core</Filter>
    </ClInclude>
    <ClInclude Include="acl\core\buffer_tag.h">
      <Filter>acl\core</Filter>
    </ClInclude>
    <ClInclude Include="acl\core\compressed_clip.h">
      <Filter>acl\core</Filter>
    </ClInclude>
    <ClInclude Include="acl\core\compressed_tracks.h">
      <Filter>acl\core</Filter>
    </ClInclude>
    <ClInclude Include="acl\core\enum_utils.h">
      <Filter>acl\core</Filter>
    </ClInclude>
    <ClInclude Include="acl\core\error.h">
      <Filter>acl\core</Filter>
    </ClInclude>
    <ClInclude Include="acl\core\error_result.h">
      <Filter>acl\core</Filter>
    </ClInclude>
    <ClInclude Include="acl\core\floating_point_exceptions.h">
      <Filter>acl\core</Filter>
    </ClInclude>
    <ClInclude Include="acl\core\hash.h">
      <Filter>acl\core</Filter>
    </ClInclude>
    <ClInclude Include="acl\core\iallocator.h">
      <Filter>acl\core</Filter>
    </ClInclude>
    <ClInclude Include="acl\core\impl\compiler_utils.h">
      <Filter>acl\core\impl</Filter>
    </ClInclude>
    <ClInclude Include="acl\core\impl\compressed_headers.h">
      <Filter>acl\core\impl</Filter>
    </ClInclude>
    <ClInclude Include="acl\core\impl\debug_track_writer.h">
      <Filter>acl\core\impl</Filter>
    </ClInclude>
    <ClInclude Include="acl\core\impl\memory_cache.h">
      <Filter>acl\core\impl</Filter>
    </ClInclude>
    <ClInclude Include="acl\core\interpolation_utils.h">
      <Filter>acl\core</Filter>
    </ClInclude>
    <ClInclude Include="acl\core\iterator.h">
      <Filter>acl\core</Filter>
    </ClInclude>
    <ClInclude Include="acl\core\memory_utils.h">
      <Filter>acl\core</Filter>
    </ClInclude>
    <ClInclude Include="acl\core\ptr_offset.h">
      <Filter>acl\core</Filter>
    </ClInclude>
    <ClInclude Include="acl\core\range_reduction_types.h">
      <Filter>acl\core</Filter>
    </ClInclude>
    <ClInclude Include="acl\core\scope_profiler.h">
      <Filter>acl\core</Filter>
    </ClInclude>
    <ClInclude Include="acl\core\string.h">
      <Filter>acl\core</Filter>
    </ClInclude>
    <ClInclude Include="acl\core\track_traits.h">
      <Filter>acl\core</Filter>
    </ClInclude>
    <ClInclude Include="acl\core\track_types.h">
      <Filter>acl\core</Filter>
    </ClInclude>
    <ClInclude Include="acl\core\track_writer.h">
      <Filter>acl\core</Filter>
    </ClInclude>
    <ClInclude Include="acl\core\unique_ptr.h">
      <Filter>acl\core</Filter>
    </ClInclude>
    <ClInclude Include="acl\core\utils.h">
      <Filter>acl\core</Filter>
    </ClInclude>
    <ClInclude Include="acl\decompression\decompress.h">
      <Filter>acl\decompression</Filter>
    </ClInclude>
    <ClInclude Include="acl\decompression\default_output_writer.h">
      <Filter>acl\decompression</Filter>
    </ClInclude>
    <ClInclude Include="acl\decompression\impl\decompress_data.h">
      <Filter>acl\decompression\impl</Filter>
    </ClInclude>
    <ClInclude Include="acl\decompression\impl\track_sampling_impl.h">
      <Filter>acl\decompression\impl</Filter>
    </ClInclude>
    <ClInclude Include="acl\decompression\output_writer.h">
      <Filter>acl\decompression</Filter>
    </ClInclude>
    <ClInclude Include="acl\io\clip_reader.h">
      <Filter>acl\io</Filter>
    </ClInclude>
    <ClInclude Include="acl\io\clip_reader_error.h">
      <Filter>acl\io</Filter>
    </ClInclude>
    <ClInclude Include="acl\io\clip_writer.h">
      <Filter>acl\io</Filter>
    </ClInclude>
    <ClInclude Include="acl\math\quatf.h">
      <Filter>acl\math</Filter>
    </ClInclude>
    <ClInclude Include="acl\math\quat_packing.h">
      <Filter>acl\math</Filter>
    </ClInclude>
    <ClInclude Include="acl\math\scalar_packing.h">
      <Filter>acl\math</Filter>
    </ClInclude>
    <ClInclude Include="acl\math\vector4_packing.h">
      <Filter>acl\math</Filter>
    </ClInclude>
    <ClInclude Include="dllmain.h">
      <Filter>Header Files</Filter>
    </ClInclude>
    <ClInclude Include="rtm\constants.h">
      <Filter>rtm</Filter>
    </ClInclude>
    <ClInclude Include="rtm\impl\compiler_utils.h">
      <Filter>rtm\impl</Filter>
    </ClInclude>
    <ClInclude Include="rtm\impl\error.h">
      <Filter>rtm\impl</Filter>
    </ClInclude>
    <ClInclude Include="rtm\impl\mask_common.h">
      <Filter>rtm\impl</Filter>
    </ClInclude>
    <ClInclude Include="rtm\impl\matrix_affine_common.h">
      <Filter>rtm\impl</Filter>
    </ClInclude>
    <ClInclude Include="rtm\impl\matrix_cast.h">
      <Filter>rtm\impl</Filter>
    </ClInclude>
    <ClInclude Include="rtm\impl\matrix_common.h">
      <Filter>rtm\impl</Filter>
    </ClInclude>
    <ClInclude Include="rtm\impl\memory_utils.h">
      <Filter>rtm\impl</Filter>
    </ClInclude>
    <ClInclude Include="rtm\impl\quat_common.h">
      <Filter>rtm\impl</Filter>
    </ClInclude>
    <ClInclude Include="rtm\impl\qvv_common.h">
      <Filter>rtm\impl</Filter>
    </ClInclude>
    <ClInclude Include="rtm\impl\scalar_common.h">
      <Filter>rtm\impl</Filter>
    </ClInclude>
    <ClInclude Include="rtm\impl\type_args.h">
      <Filter>rtm\impl</Filter>
    </ClInclude>
    <ClInclude Include="rtm\impl\vector_common.h">
      <Filter>rtm\impl</Filter>
    </ClInclude>
    <ClInclude Include="rtm\mask4d.h">
      <Filter>rtm</Filter>
    </ClInclude>
    <ClInclude Include="rtm\mask4f.h">
      <Filter>rtm</Filter>
    </ClInclude>
    <ClInclude Include="rtm\mask4i.h">
      <Filter>rtm</Filter>
    </ClInclude>
    <ClInclude Include="rtm\mask4q.h">
      <Filter>rtm</Filter>
    </ClInclude>
    <ClInclude Include="rtm\math.h">
      <Filter>rtm</Filter>
    </ClInclude>
    <ClInclude Include="rtm\matrix3x3d.h">
      <Filter>rtm</Filter>
    </ClInclude>
    <ClInclude Include="rtm\matrix3x3f.h">
      <Filter>rtm</Filter>
    </ClInclude>
    <ClInclude Include="rtm\matrix3x4d.h">
      <Filter>rtm</Filter>
    </ClInclude>
    <ClInclude Include="rtm\matrix3x4f.h">
      <Filter>rtm</Filter>
    </ClInclude>
    <ClInclude Include="rtm\matrix4x4d.h">
      <Filter>rtm</Filter>
    </ClInclude>
    <ClInclude Include="rtm\matrix4x4f.h">
      <Filter>rtm</Filter>
    </ClInclude>
    <ClInclude Include="rtm\packing\quatd.h">
      <Filter>rtm\packing</Filter>
    </ClInclude>
    <ClInclude Include="rtm\packing\quatf.h">
      <Filter>rtm\packing</Filter>
    </ClInclude>
    <ClInclude Include="rtm\quatd.h">
      <Filter>rtm</Filter>
    </ClInclude>
    <ClInclude Include="rtm\quatf.h">
      <Filter>rtm</Filter>
    </ClInclude>
    <ClInclude Include="rtm\qvvd.h">
      <Filter>rtm</Filter>
    </ClInclude>
    <ClInclude Include="rtm\qvvf.h">
      <Filter>rtm</Filter>
    </ClInclude>
    <ClInclude Include="rtm\scalard.h">
      <Filter>rtm</Filter>
    </ClInclude>
    <ClInclude Include="rtm\scalarf.h">
      <Filter>rtm</Filter>
    </ClInclude>
    <ClInclude Include="rtm\types.h">
      <Filter>rtm</Filter>
    </ClInclude>
    <ClInclude Include="rtm\type_traits.h">
      <Filter>rtm</Filter>
    </ClInclude>
    <ClInclude Include="rtm\vector4d.h">
      <Filter>rtm</Filter>
    </ClInclude>
    <ClInclude Include="rtm\vector4f.h">
      <Filter>rtm</Filter>
    </ClInclude>
  </ItemGroup>
  <ItemGroup>
    <ResourceCompile Include="AnimeStudio.ACL.SR.rc">
      <Filter>Resource Files</Filter>
    </ResourceCompile>
  </ItemGroup>
</Project>
